// !$*UTF8*$!
{
	archiveVersion = 1;
	classes = {
	};
	objectVersion = 55;
	objects = {

/* Begin PBXBuildFile section */
		8685978B27BA7EAA00C47281 /* data.json in Resources */ = {isa = PBXBuildFile; fileRef = 8685978927BA7EAA00C47281 /* data.json */; };
		8685978C27BA7EAA00C47281 /* style.html in Resources */ = {isa = PBXBuildFile; fileRef = 8685978A27BA7EAA00C47281 /* style.html */; };
		8685978E27BA812300C47281 /* Models.swift in Sources */ = {isa = PBXBuildFile; fileRef = 8685978D27BA812300C47281 /* Models.swift */; };
		8685979027BAAA8400C47281 /* HomeViewRow.swift in Sources */ = {isa = PBXBuildFile; fileRef = 8685978F27BAAA8400C47281 /* HomeViewRow.swift */; };
		8685979227BBAB6E00C47281 /* ContentView.swift in Sources */ = {isa = PBXBuildFile; fileRef = 8685979127BBAB6E00C47281 /* ContentView.swift */; };
		8685979427BBB7EE00C47281 /* ContentViewRow.swift in Sources */ = {isa = PBXBuildFile; fileRef = 8685979327BBB7EE00C47281 /* ContentViewRow.swift */; };
		8685979627BBBD0900C47281 /* ContentDetailView.swift in Sources */ = {isa = PBXBuildFile; fileRef = 8685979527BBBD0900C47281 /* ContentDetailView.swift */; };
		8685979927BBC09500C47281 /* AVKit.framework in Frameworks */ = {isa = PBXBuildFile; fileRef = 8685979827BBC09500C47281 /* AVKit.framework */; };
		8685979B27BBC2FF00C47281 /* Constants.swift in Sources */ = {isa = PBXBuildFile; fileRef = 8685979A27BBC2FF00C47281 /* Constants.swift */; };
		86E5D15027BA74EC001D5A50 /* LearningApp.swift in Sources */ = {isa = PBXBuildFile; fileRef = 86E5D14F27BA74EC001D5A50 /* LearningApp.swift */; };
		86E5D15227BA74EC001D5A50 /* HomeView.swift in Sources */ = {isa = PBXBuildFile; fileRef = 86E5D15127BA74EC001D5A50 /* HomeView.swift */; };
		86E5D15427BA74EE001D5A50 /* Assets.xcassets in Resources */ = {isa = PBXBuildFile; fileRef = 86E5D15327BA74EE001D5A50 /* Assets.xcassets */; };
		86E5D15727BA74EE001D5A50 /* Preview Assets.xcassets in Resources */ = {isa = PBXBuildFile; fileRef = 86E5D15627BA74EE001D5A50 /* Preview Assets.xcassets */; };
		86E5D16327BA7632001D5A50 /* ContentModel.swift in Sources */ = {isa = PBXBuildFile; fileRef = 86E5D16227BA7632001D5A50 /* ContentModel.swift */; };
/* End PBXBuildFile section */

/* Begin PBXFileReference section */
		8685978927BA7EAA00C47281 /* data.json */ = {isa = PBXFileReference; fileEncoding = 4; lastKnownFileType = text.json; path = data.json; sourceTree = "<group>"; };
		8685978A27BA7EAA00C47281 /* style.html */ = {isa = PBXFileReference; fileEncoding = 4; lastKnownFileType = text.html; path = style.html; sourceTree = "<group>"; };
		8685978D27BA812300C47281 /* Models.swift */ = {isa = PBXFileReference; lastKnownFileType = sourcecode.swift; path = Models.swift; sourceTree = "<group>"; };
		8685978F27BAAA8400C47281 /* HomeViewRow.swift */ = {isa = PBXFileReference; lastKnownFileType = sourcecode.swift; path = HomeViewRow.swift; sourceTree = "<group>"; };
		8685979127BBAB6E00C47281 /* ContentView.swift */ = {isa = PBXFileReference; lastKnownFileType = sourcecode.swift; path = ContentView.swift; sourceTree = "<group>"; };
		8685979327BBB7EE00C47281 /* ContentViewRow.swift */ = {isa = PBXFileReference; lastKnownFileType = sourcecode.swift; path = ContentViewRow.swift; sourceTree = "<group>"; };
		8685979527BBBD0900C47281 /* ContentDetailView.swift */ = {isa = PBXFileReference; lastKnownFileType = sourcecode.swift; path = ContentDetailView.swift; sourceTree = "<group>"; };
		8685979827BBC09500C47281 /* AVKit.framework */ = {isa = PBXFileReference; lastKnownFileType = wrapper.framework; name = AVKit.framework; path = System/Library/Frameworks/AVKit.framework; sourceTree = SDKROOT; };
		8685979A27BBC2FF00C47281 /* Constants.swift */ = {isa = PBXFileReference; lastKnownFileType = sourcecode.swift; path = Constants.swift; sourceTree = "<group>"; };
		86E5D14C27BA74EC001D5A50 /* LearningApp.app */ = {isa = PBXFileReference; explicitFileType = wrapper.application; includeInIndex = 0; path = LearningApp.app; sourceTree = BUILT_PRODUCTS_DIR; };
		86E5D14F27BA74EC001D5A50 /* LearningApp.swift */ = {isa = PBXFileReference; lastKnownFileType = sourcecode.swift; path = LearningApp.swift; sourceTree = "<group>"; };
		86E5D15127BA74EC001D5A50 /* HomeView.swift */ = {isa = PBXFileReference; lastKnownFileType = sourcecode.swift; path = HomeView.swift; sourceTree = "<group>"; };
		86E5D15327BA74EE001D5A50 /* Assets.xcassets */ = {isa = PBXFileReference; lastKnownFileType = folder.assetcatalog; path = Assets.xcassets; sourceTree = "<group>"; };
		86E5D15627BA74EE001D5A50 /* Preview Assets.xcassets */ = {isa = PBXFileReference; lastKnownFileType = folder.assetcatalog; path = "Preview Assets.xcassets"; sourceTree = "<group>"; };
		86E5D16227BA7632001D5A50 /* ContentModel.swift */ = {isa = PBXFileReference; lastKnownFileType = sourcecode.swift; path = ContentModel.swift; sourceTree = "<group>"; };
/* End PBXFileReference section */

/* Begin PBXFrameworksBuildPhase section */
		86E5D14927BA74EC001D5A50 /* Frameworks */ = {
			isa = PBXFrameworksBuildPhase;
			buildActionMask = 2147483647;
			files = (
				8685979927BBC09500C47281 /* AVKit.framework in Frameworks */,
			);
			runOnlyForDeploymentPostprocessing = 0;
		};
/* End PBXFrameworksBuildPhase section */

/* Begin PBXGroup section */
		8685979727BBC09500C47281 /* Frameworks */ = {
			isa = PBXGroup;
			children = (
				8685979827BBC09500C47281 /* AVKit.framework */,
			);
			name = Frameworks;
			sourceTree = "<group>";
		};
		86E5D14327BA74EC001D5A50 = {
			isa = PBXGroup;
			children = (
				86E5D14E27BA74EC001D5A50 /* LearningApp */,
				86E5D14D27BA74EC001D5A50 /* Products */,
				8685979727BBC09500C47281 /* Frameworks */,
			);
			sourceTree = "<group>";
		};
		86E5D14D27BA74EC001D5A50 /* Products */ = {
			isa = PBXGroup;
			children = (
				86E5D14C27BA74EC001D5A50 /* LearningApp.app */,
			);
			name = Products;
			sourceTree = "<group>";
		};
		86E5D14E27BA74EC001D5A50 /* LearningApp */ = {
			isa = PBXGroup;
			children = (
				86E5D14F27BA74EC001D5A50 /* LearningApp.swift */,
				86E5D15D27BA7560001D5A50 /* Views */,
				86E5D15E27BA757A001D5A50 /* ViewModels */,
				86E5D15F27BA7581001D5A50 /* Models */,
				86E5D16027BA759A001D5A50 /* Resources */,
				86E5D16127BA75BB001D5A50 /* Helpers */,
				86E5D15327BA74EE001D5A50 /* Assets.xcassets */,
				86E5D15527BA74EE001D5A50 /* Preview Content */,
			);
			path = LearningApp;
			sourceTree = "<group>";
		};
		86E5D15527BA74EE001D5A50 /* Preview Content */ = {
			isa = PBXGroup;
			children = (
				86E5D15627BA74EE001D5A50 /* Preview Assets.xcassets */,
			);
			path = "Preview Content";
			sourceTree = "<group>";
		};
		86E5D15D27BA7560001D5A50 /* Views */ = {
			isa = PBXGroup;
			children = (
				86E5D15127BA74EC001D5A50 /* HomeView.swift */,
				8685978F27BAAA8400C47281 /* HomeViewRow.swift */,
				8685979127BBAB6E00C47281 /* ContentView.swift */,
				8685979327BBB7EE00C47281 /* ContentViewRow.swift */,
				8685979527BBBD0900C47281 /* ContentDetailView.swift */,
			);
			path = Views;
			sourceTree = "<group>";
		};
		86E5D15E27BA757A001D5A50 /* ViewModels */ = {
			isa = PBXGroup;
			children = (
				86E5D16227BA7632001D5A50 /* ContentModel.swift */,
			);
			path = ViewModels;
			sourceTree = "<group>";
		};
		86E5D15F27BA7581001D5A50 /* Models */ = {
			isa = PBXGroup;
			children = (
				8685978D27BA812300C47281 /* Models.swift */,
			);
			path = Models;
			sourceTree = "<group>";
		};
		86E5D16027BA759A001D5A50 /* Resources */ = {
			isa = PBXGroup;
			children = (
				8685978927BA7EAA00C47281 /* data.json */,
				8685978A27BA7EAA00C47281 /* style.html */,
				8685979A27BBC2FF00C47281 /* Constants.swift */,
			);
			path = Resources;
			sourceTree = "<group>";
		};
		86E5D16127BA75BB001D5A50 /* Helpers */ = {
			isa = PBXGroup;
			children = (
			);
			path = Helpers;
			sourceTree = "<group>";
		};
/* End PBXGroup section */

/* Begin PBXNativeTarget section */
		86E5D14B27BA74EC001D5A50 /* LearningApp */ = {
			isa = PBXNativeTarget;
			buildConfigurationList = 86E5D15A27BA74EE001D5A50 /* Build configuration list for PBXNativeTarget "LearningApp" */;
			buildPhases = (
				86E5D14827BA74EC001D5A50 /* Sources */,
				86E5D14927BA74EC001D5A50 /* Frameworks */,
				86E5D14A27BA74EC001D5A50 /* Resources */,
			);
			buildRules = (
			);
			dependencies = (
			);
			name = LearningApp;
			productName = LearningApp;
			productReference = 86E5D14C27BA74EC001D5A50 /* LearningApp.app */;
			productType = "com.apple.product-type.application";
		};
/* End PBXNativeTarget section */

/* Begin PBXProject section */
		86E5D14427BA74EC001D5A50 /* Project object */ = {
			isa = PBXProject;
			attributes = {
				BuildIndependentTargetsInParallel = 1;
				LastSwiftUpdateCheck = 1320;
				LastUpgradeCheck = 1320;
				TargetAttributes = {
					86E5D14B27BA74EC001D5A50 = {
						CreatedOnToolsVersion = 13.2.1;
					};
				};
			};
			buildConfigurationList = 86E5D14727BA74EC001D5A50 /* Build configuration list for PBXProject "LearningApp" */;
			compatibilityVersion = "Xcode 13.0";
			developmentRegion = en;
			hasScannedForEncodings = 0;
			knownRegions = (
				en,
				Base,
			);
			mainGroup = 86E5D14327BA74EC001D5A50;
			productRefGroup = 86E5D14D27BA74EC001D5A50 /* Products */;
			projectDirPath = "";
			projectRoot = "";
			targets = (
				86E5D14B27BA74EC001D5A50 /* LearningApp */,
			);
		};
/* End PBXProject section */

/* Begin PBXResourcesBuildPhase section */
		86E5D14A27BA74EC001D5A50 /* Resources */ = {
			isa = PBXResourcesBuildPhase;
			buildActionMask = 2147483647;
			files = (
				86E5D15727BA74EE001D5A50 /* Preview Assets.xcassets in Resources */,
				8685978B27BA7EAA00C47281 /* data.json in Resources */,
				8685978C27BA7EAA00C47281 /* style.html in Resources */,
				86E5D15427BA74EE001D5A50 /* Assets.xcassets in Resources */,
			);
			runOnlyForDeploymentPostprocessing = 0;
		};
/* End PBXResourcesBuildPhase section */

/* Begin PBXSourcesBuildPhase section */
		86E5D14827BA74EC001D5A50 /* Sources */ = {
			isa = PBXSourcesBuildPhase;
			buildActionMask = 2147483647;
			files = (
				86E5D15227BA74EC001D5A50 /* HomeView.swift in Sources */,
				8685979027BAAA8400C47281 /* HomeViewRow.swift in Sources */,
				8685979227BBAB6E00C47281 /* ContentView.swift in Sources */,
				8685979627BBBD0900C47281 /* ContentDetailView.swift in Sources */,
				86E5D15027BA74EC001D5A50 /* LearningApp.swift in Sources */,
				8685979427BBB7EE00C47281 /* ContentViewRow.swift in Sources */,
				86E5D16327BA7632001D5A50 /* ContentModel.swift in Sources */,
				8685978E27BA812300C47281 /* Models.swift in Sources */,
				8685979B27BBC2FF00C47281 /* Constants.swift in Sources */,
			);
			runOnlyForDeploymentPostprocessing = 0;
		};
/* End PBXSourcesBuildPhase section */

/* Begin XCBuildConfiguration section */
		86E5D15827BA74EE001D5A50 /* Debug */ = {
			isa = XCBuildConfiguration;
			buildSettings = {
				ALWAYS_SEARCH_USER_PATHS = NO;
				CLANG_ANALYZER_NONNULL = YES;
				CLANG_ANALYZER_NUMBER_OBJECT_CONVERSION = YES_AGGRESSIVE;
				CLANG_CXX_LANGUAGE_STANDARD = "gnu++17";
				CLANG_CXX_LIBRARY = "libc++";
				CLANG_ENABLE_MODULES = YES;
				CLANG_ENABLE_OBJC_ARC = YES;
				CLANG_ENABLE_OBJC_WEAK = YES;
				CLANG_WARN_BLOCK_CAPTURE_AUTORELEASING = YES;
				CLANG_WARN_BOOL_CONVERSION = YES;
				CLANG_WARN_COMMA = YES;
				CLANG_WARN_CONSTANT_CONVERSION = YES;
				CLANG_WARN_DEPRECATED_OBJC_IMPLEMENTATIONS = YES;
				CLANG_WARN_DIRECT_OBJC_ISA_USAGE = YES_ERROR;
				CLANG_WARN_DOCUMENTATION_COMMENTS = YES;
				CLANG_WARN_EMPTY_BODY = YES;
				CLANG_WARN_ENUM_CONVERSION = YES;
				CLANG_WARN_INFINITE_RECURSION = YES;
				CLANG_WARN_INT_CONVERSION = YES;
				CLANG_WARN_NON_LITERAL_NULL_CONVERSION = YES;
				CLANG_WARN_OBJC_IMPLICIT_RETAIN_SELF = YES;
				CLANG_WARN_OBJC_LITERAL_CONVERSION = YES;
				CLANG_WARN_OBJC_ROOT_CLASS = YES_ERROR;
				CLANG_WARN_QUOTED_INCLUDE_IN_FRAMEWORK_HEADER = YES;
				CLANG_WARN_RANGE_LOOP_ANALYSIS = YES;
				CLANG_WARN_STRICT_PROTOTYPES = YES;
				CLANG_WARN_SUSPICIOUS_MOVE = YES;
				CLANG_WARN_UNGUARDED_AVAILABILITY = YES_AGGRESSIVE;
				CLANG_WARN_UNREACHABLE_CODE = YES;
				CLANG_WARN__DUPLICATE_METHOD_MATCH = YES;
				COPY_PHASE_STRIP = NO;
				DEBUG_INFORMATION_FORMAT = dwarf;
				ENABLE_STRICT_OBJC_MSGSEND = YES;
				ENABLE_TESTABILITY = YES;
				GCC_C_LANGUAGE_STANDARD = gnu11;
				GCC_DYNAMIC_NO_PIC = NO;
				GCC_NO_COMMON_BLOCKS = YES;
				GCC_OPTIMIZATION_LEVEL = 0;
				GCC_PREPROCESSOR_DEFINITIONS = (
					"DEBUG=1",
					"$(inherited)",
				);
				GCC_WARN_64_TO_32_BIT_CONVERSION = YES;
				GCC_WARN_ABOUT_RETURN_TYPE = YES_ERROR;
				GCC_WARN_UNDECLARED_SELECTOR = YES;
				GCC_WARN_UNINITIALIZED_AUTOS = YES_AGGRESSIVE;
				GCC_WARN_UNUSED_FUNCTION = YES;
				GCC_WARN_UNUSED_VARIABLE = YES;
				IPHONEOS_DEPLOYMENT_TARGET = 15.2;
				MTL_ENABLE_DEBUG_INFO = INCLUDE_SOURCE;
				MTL_FAST_MATH = YES;
				ONLY_ACTIVE_ARCH = YES;
				SDKROOT = iphoneos;
				SWIFT_ACTIVE_COMPILATION_CONDITIONS = DEBUG;
				SWIFT_OPTIMIZATION_LEVEL = "-Onone";
			};
			name = Debug;
		};
		86E5D15927BA74EE001D5A50 /* Release */ = {
			isa = XCBuildConfiguration;
			buildSettings = {
				ALWAYS_SEARCH_USER_PATHS = NO;
				CLANG_ANALYZER_NONNULL = YES;
				CLANG_ANALYZER_NUMBER_OBJECT_CONVERSION = YES_AGGRESSIVE;
				CLANG_CXX_LANGUAGE_STANDARD = "gnu++17";
				CLANG_CXX_LIBRARY = "libc++";
				CLANG_ENABLE_MODULES = YES;
				CLANG_ENABLE_OBJC_ARC = YES;
				CLANG_ENABLE_OBJC_WEAK = YES;
				CLANG_WARN_BLOCK_CAPTURE_AUTORELEASING = YES;
				CLANG_WARN_BOOL_CONVERSION = YES;
				CLANG_WARN_COMMA = YES;
				CLANG_WARN_CONSTANT_CONVERSION = YES;
				CLANG_WARN_DEPRECATED_OBJC_IMPLEMENTATIONS = YES;
				CLANG_WARN_DIRECT_OBJC_ISA_USAGE = YES_ERROR;
				CLANG_WARN_DOCUMENTATION_COMMENTS = YES;
				CLANG_WARN_EMPTY_BODY = YES;
				CLANG_WARN_ENUM_CONVERSION = YES;
				CLANG_WARN_INFINITE_RECURSION = YES;
				CLANG_WARN_INT_CONVERSION = YES;
				CLANG_WARN_NON_LITERAL_NULL_CONVERSION = YES;
				CLANG_WARN_OBJC_IMPLICIT_RETAIN_SELF = YES;
				CLANG_WARN_OBJC_LITERAL_CONVERSION = YES;
				CLANG_WARN_OBJC_ROOT_CLASS = YES_ERROR;
				CLANG_WARN_QUOTED_INCLUDE_IN_FRAMEWORK_HEADER = YES;
				CLANG_WARN_RANGE_LOOP_ANALYSIS = YES;
				CLANG_WARN_STRICT_PROTOTYPES = YES;
				CLANG_WARN_SUSPICIOUS_MOVE = YES;
				CLANG_WARN_UNGUARDED_AVAILABILITY = YES_AGGRESSIVE;
				CLANG_WARN_UNREACHABLE_CODE = YES;
				CLANG_WARN__DUPLICATE_METHOD_MATCH = YES;
				COPY_PHASE_STRIP = NO;
				DEBUG_INFORMATION_FORMAT = "dwarf-with-dsym";
				ENABLE_NS_ASSERTIONS = NO;
				ENABLE_STRICT_OBJC_MSGSEND = YES;
				GCC_C_LANGUAGE_STANDARD = gnu11;
				GCC_NO_COMMON_BLOCKS = YES;
				GCC_WARN_64_TO_32_BIT_CONVERSION = YES;
				GCC_WARN_ABOUT_RETURN_TYPE = YES_ERROR;
				GCC_WARN_UNDECLARED_SELECTOR = YES;
				GCC_WARN_UNINITIALIZED_AUTOS = YES_AGGRESSIVE;
				GCC_WARN_UNUSED_FUNCTION = YES;
				GCC_WARN_UNUSED_VARIABLE = YES;
				IPHONEOS_DEPLOYMENT_TARGET = 15.2;
				MTL_ENABLE_DEBUG_INFO = NO;
				MTL_FAST_MATH = YES;
				SDKROOT = iphoneos;
				SWIFT_COMPILATION_MODE = wholemodule;
				SWIFT_OPTIMIZATION_LEVEL = "-O";
				VALIDATE_PRODUCT = YES;
			};
			name = Release;
		};
		86E5D15B27BA74EE001D5A50 /* Debug */ = {
			isa = XCBuildConfiguration;
			buildSettings = {
				ASSETCATALOG_COMPILER_APPICON_NAME = AppIcon;
				ASSETCATALOG_COMPILER_GLOBAL_ACCENT_COLOR_NAME = AccentColor;
				CODE_SIGN_STYLE = Automatic;
				CURRENT_PROJECT_VERSION = 1;
				DEVELOPMENT_ASSET_PATHS = "\"LearningApp/Preview Content\"";
				DEVELOPMENT_TEAM = HM92DPMK6Y;
				ENABLE_PREVIEWS = YES;
				GENERATE_INFOPLIST_FILE = YES;
				INFOPLIST_KEY_UIApplicationSceneManifest_Generation = YES;
				INFOPLIST_KEY_UIApplicationSupportsIndirectInputEvents = YES;
				INFOPLIST_KEY_UILaunchScreen_Generation = YES;
				INFOPLIST_KEY_UISupportedInterfaceOrientations_iPad = "UIInterfaceOrientationPortrait UIInterfaceOrientationPortraitUpsideDown UIInterfaceOrientationLandscapeLeft UIInterfaceOrientationLandscapeRight";
				INFOPLIST_KEY_UISupportedInterfaceOrientations_iPhone = "UIInterfaceOrientationPortrait UIInterfaceOrientationLandscapeLeft UIInterfaceOrientationLandscapeRight";
				LD_RUNPATH_SEARCH_PATHS = (
					"$(inherited)",
					"@executable_path/Frameworks",
				);
				MARKETING_VERSION = 1.0;
				PRODUCT_BUNDLE_IDENTIFIER = EvelinaSemezyte.LearningApp;
				PRODUCT_NAME = "$(TARGET_NAME)";
				SWIFT_EMIT_LOC_STRINGS = YES;
				SWIFT_VERSION = 5.0;
				TARGETED_DEVICE_FAMILY = "1,2";
			};
			name = Debug;
		};
		86E5D15C27BA74EE001D5A50 /* Release */ = {
			isa = XCBuildConfiguration;
			buildSettings = {
				ASSETCATALOG_COMPILER_APPICON_NAME = AppIcon;
				ASSETCATALOG_COMPILER_GLOBAL_ACCENT_COLOR_NAME = AccentColor;
				CODE_SIGN_STYLE = Automatic;
				CURRENT_PROJECT_VERSION = 1;
				DEVELOPMENT_ASSET_PATHS = "\"LearningApp/Preview Content\"";
				DEVELOPMENT_TEAM = HM92DPMK6Y;
				ENABLE_PREVIEWS = YES;
				GENERATE_INFOPLIST_FILE = YES;
				INFOPLIST_KEY_UIApplicationSceneManifest_Generation = YES;
				INFOPLIST_KEY_UIApplicationSupportsIndirectInputEvents = YES;
				INFOPLIST_KEY_UILaunchScreen_Generation = YES;
				INFOPLIST_KEY_UISupportedInterfaceOrientations_iPad = "UIInterfaceOrientationPortrait UIInterfaceOrientationPortraitUpsideDown UIInterfaceOrientationLandscapeLeft UIInterfaceOrientationLandscapeRight";
				INFOPLIST_KEY_UISupportedInterfaceOrientations_iPhone = "UIInterfaceOrientationPortrait UIInterfaceOrientationLandscapeLeft UIInterfaceOrientationLandscapeRight";
				LD_RUNPATH_SEARCH_PATHS = (
					"$(inherited)",
					"@executable_path/Frameworks",
				);
				MARKETING_VERSION = 1.0;
				PRODUCT_BUNDLE_IDENTIFIER = EvelinaSemezyte.LearningApp;
				PRODUCT_NAME = "$(TARGET_NAME)";
				SWIFT_EMIT_LOC_STRINGS = YES;
				SWIFT_VERSION = 5.0;
				TARGETED_DEVICE_FAMILY = "1,2";
			};
			name = Release;
		};
/* End XCBuildConfiguration section */

/* Begin XCConfigurationList section */
		86E5D14727BA74EC001D5A50 /* Build configuration list for PBXProject "LearningApp" */ = {
			isa = XCConfigurationList;
			buildConfigurations = (
				86E5D15827BA74EE001D5A50 /* Debug */,
				86E5D15927BA74EE001D5A50 /* Release */,
			);
			defaultConfigurationIsVisible = 0;
			defaultConfigurationName = Release;
		};
		86E5D15A27BA74EE001D5A50 /* Build configuration list for PBXNativeTarget "LearningApp" */ = {
			isa = XCConfigurationList;
			buildConfigurations = (
				86E5D15B27BA74EE001D5A50 /* Debug */,
				86E5D15C27BA74EE001D5A50 /* Release */,
			);
			defaultConfigurationIsVisible = 0;
			defaultConfigurationName = Release;
		};
/* End XCConfigurationList section */
	};
	rootObject = 86E5D14427BA74EC001D5A50 /* Project object */;
}
